
Microsoft Visual Studio Solution File, Format Version 12.00
# Visual Studio Version 17
VisualStudioVersion = 17.1.32228.430
MinimumVisualStudioVersion = 10.0.40219.1
Project("{9A19103F-16F7-4668-BE54-9A1E7A4F7556}") = "Data", "concurrent_programming\Data\Data.csproj", "{C313F5C3-084D-422C-8846-B51467AEA321}"
EndProject
Project("{9A19103F-16F7-4668-BE54-9A1E7A4F7556}") = "Logic", "concurrent_programming\Logic\Logic.csproj", "{85E00C43-44A8-4C69-AA7D-02FBAE86D42B}"
EndProject
Project("{9A19103F-16F7-4668-BE54-9A1E7A4F7556}") = "Presentation", "concurrent_programming\Presentation\Presentation.csproj", "{C9BF32CD-5A38-43B5-897B-75CEE0AED7D5}"
EndProject
Project("{9A19103F-16F7-4668-BE54-9A1E7A4F7556}") = "Tests", "concurrent_programming\Tests\Tests.csproj", "{F1CB8CF0-CA6E-471A-A763-3C6F41D19E97}"
EndProject
Project("{FAE04EC0-301F-11D3-BF4B-00C04F79EFBC}") = "test", "test\test.csproj", "{511A9CB7-CB31-4977-A0F0-F6929190469A}"
EndProject
Global
	GlobalSection(SolutionConfigurationPlatforms) = preSolution
		Debug|Any CPU = Debug|Any CPU
		Release|Any CPU = Release|Any CPU
	EndGlobalSection
	GlobalSection(ProjectConfigurationPlatforms) = postSolution
		{C313F5C3-084D-422C-8846-B51467AEA321}.Debug|Any CPU.ActiveCfg = Debug|Any CPU
		{C313F5C3-084D-422C-8846-B51467AEA321}.Debug|Any CPU.Build.0 = Debug|Any CPU
		{C313F5C3-084D-422C-8846-B51467AEA321}.Release|Any CPU.ActiveCfg = Release|Any CPU
		{C313F5C3-084D-422C-8846-B51467AEA321}.Release|Any CPU.Build.0 = Release|Any CPU
		{85E00C43-44A8-4C69-AA7D-02FBAE86D42B}.Debug|Any CPU.ActiveCfg = Debug|Any CPU
		{85E00C43-44A8-4C69-AA7D-02FBAE86D42B}.Debug|Any CPU.Build.0 = Debug|Any CPU
		{85E00C43-44A8-4C69-AA7D-02FBAE86D42B}.Release|Any CPU.ActiveCfg = Release|Any CPU
		{85E00C43-44A8-4C69-AA7D-02FBAE86D42B}.Release|Any CPU.Build.0 = Release|Any CPU
		{C9BF32CD-5A38-43B5-897B-75CEE0AED7D5}.Debug|Any CPU.ActiveCfg = Debug|Any CPU
		{C9BF32CD-5A38-43B5-897B-75CEE0AED7D5}.Debug|Any CPU.Build.0 = Debug|Any CPU
		{C9BF32CD-5A38-43B5-897B-75CEE0AED7D5}.Release|Any CPU.ActiveCfg = Release|Any CPU
		{C9BF32CD-5A38-43B5-897B-75CEE0AED7D5}.Release|Any CPU.Build.0 = Release|Any CPU
		{F1CB8CF0-CA6E-471A-A763-3C6F41D19E97}.Debug|Any CPU.ActiveCfg = Debug|Any CPU
		{F1CB8CF0-CA6E-471A-A763-3C6F41D19E97}.Debug|Any CPU.Build.0 = Debug|Any CPU
		{F1CB8CF0-CA6E-471A-A763-3C6F41D19E97}.Release|Any CPU.ActiveCfg = Release|Any CPU
		{F1CB8CF0-CA6E-471A-A763-3C6F41D19E97}.Release|Any CPU.Build.0 = Release|Any CPU
		{511A9CB7-CB31-4977-A0F0-F6929190469A}.Debug|Any CPU.ActiveCfg = Debug|Any CPU
		{511A9CB7-CB31-4977-A0F0-F6929190469A}.Debug|Any CPU.Build.0 = Debug|Any CPU
		{511A9CB7-CB31-4977-A0F0-F6929190469A}.Release|Any CPU.ActiveCfg = Release|Any CPU
		{511A9CB7-CB31-4977-A0F0-F6929190469A}.Release|Any CPU.Build.0 = Release|Any CPU
	EndGlobalSection
	GlobalSection(SolutionProperties) = preSolution
		HideSolutionNode = FALSE
	EndGlobalSection
	GlobalSection(ExtensibilityGlobals) = postSolution
		SolutionGuid = {4D3E8D29-4FEF-4579-82FB-5F828A3AB203}
	EndGlobalSection
EndGlobal
